
Microsoft Visual Studio Solution File, Format Version 11.00
# Visual Studio 2010
Project("{8BC9CEB8-8B4A-11D0-8D11-00A0C91BC942}") = "Jump1Jump", "Jump1Jump.vcxproj", "{DD3906F5-4025-4EC3-A58C-C6A28B34D1E7}"
EndProject
Global
	GlobalSection(SolutionConfigurationPlatforms) = preSolution
		Debug|Win32 = Debug|Win32
		Release|Win32 = Release|Win32
	EndGlobalSection
	GlobalSection(ProjectConfigurationPlatforms) = postSolution
		{DD3906F5-4025-4EC3-A58C-C6A28B34D1E7}.Debug|Win32.ActiveCfg = Debug|Win32
		{DD3906F5-4025-4EC3-A58C-C6A28B34D1E7}.Debug|Win32.Build.0 = Debug|Win32
		{DD3906F5-4025-4EC3-A58C-C6A28B34D1E7}.Release|Win32.ActiveCfg = Release|Win32
		{DD3906F5-4025-4EC3-A58C-C6A28B34D1E7}.Release|Win32.Build.0 = Release|Win32
	EndGlobalSection
	GlobalSection(SolutionProperties) = preSolution
		HideSolutionNode = FALSE
	EndGlobalSection
EndGlobal
